
Microsoft Visual Studio Solution File, Format Version 12.00
# Visual Studio Version 16
VisualStudioVersion = 16.0.30002.166
MinimumVisualStudioVersion = 10.0.40219.1
Project("{9A19103F-16F7-4668-BE54-9A1E7A4F7556}") = "fnix.alpha", "fnix.alpha\fnix.alpha.csproj", "{B5C8941D-2BD7-4E0D-A764-B339DD0EACAE}"
EndProject
Global
	GlobalSection(SolutionConfigurationPlatforms) = preSolution
		Debug|Any CPU = Debug|Any CPU
		Release|Any CPU = Release|Any CPU
	EndGlobalSection
	GlobalSection(ProjectConfigurationPlatforms) = postSolution
		{B5C8941D-2BD7-4E0D-A764-B339DD0EACAE}.Debug|Any CPU.ActiveCfg = Debug|Any CPU
		{B5C8941D-2BD7-4E0D-A764-B339DD0EACAE}.Debug|Any CPU.Build.0 = Debug|Any CPU
		{B5C8941D-2BD7-4E0D-A764-B339DD0EACAE}.Release|Any CPU.ActiveCfg = Release|Any CPU
		{B5C8941D-2BD7-4E0D-A764-B339DD0EACAE}.Release|Any CPU.Build.0 = Release|Any CPU
	EndGlobalSection
	GlobalSection(SolutionProperties) = preSolution
		HideSolutionNode = FALSE
	EndGlobalSection
	GlobalSection(ExtensibilityGlobals) = postSolution
		SolutionGuid = {6CE6AE3B-5C5B-44A5-9379-F7A7201D2CDC}
	EndGlobalSection
EndGlobal
